
Microsoft Visual Studio Solution File, Format Version 11.00
# Visual C++ Express 2010
Project("{8BC9CEB8-8B4A-11D0-8D11-00A0C91BC942}") = "Mencoba", "Mencoba\Mencoba.vcxproj", "{79336017-6CEB-4BB9-8B1E-BF097FD432D7}"
EndProject
Global
	GlobalSection(SolutionConfigurationPlatforms) = preSolution
		Debug|Win32 = Debug|Win32
		Release|Win32 = Release|Win32
	EndGlobalSection
	GlobalSection(ProjectConfigurationPlatforms) = postSolution
		{79336017-6CEB-4BB9-8B1E-BF097FD432D7}.Debug|Win32.ActiveCfg = Debug|Win32
		{79336017-6CEB-4BB9-8B1E-BF097FD432D7}.Debug|Win32.Build.0 = Debug|Win32
		{79336017-6CEB-4BB9-8B1E-BF097FD432D7}.Release|Win32.ActiveCfg = Release|Win32
		{79336017-6CEB-4BB9-8B1E-BF097FD432D7}.Release|Win32.Build.0 = Release|Win32
	EndGlobalSection
	GlobalSection(SolutionProperties) = preSolution
		HideSolutionNode = FALSE
	EndGlobalSection
EndGlobal
