<?xml version="1.0" encoding="utf-8"?>
<Project ToolsVersion="4.0" xmlns="http://schemas.microsoft.com/developer/msbuild/2003">
  <ItemGroup>
    <Filter Include="Source Files">
      <UniqueIdentifier>{4FC737F1-C7A5-4376-A066-2A32D752A2FF}</UniqueIdentifier>
      <Extensions>cpp;c;cc;cxx;def;odl;idl;hpj;bat;asm;asmx</Extensions>
    </Filter>
    <Filter Include="Header Files">
      <UniqueIdentifier>{93995380-89BD-4b04-88EB-625FBE52EBFB}</UniqueIdentifier>
      <Extensions>h;hpp;hxx;hm;inl;inc;xsd</Extensions>
    </Filter>
    <Filter Include="Resource Files">
      <UniqueIdentifier>{67DA6AB6-F800-4c08-8B7A-83BB121AAD01}</UniqueIdentifier>
      <Extensions>rc;ico;cur;bmp;dlg;rc2;rct;bin;rgs;gif;jpg;jpeg;jpe;resx;tiff;tif;png;wav;mfcribbon-ms</Extensions>
    </Filter>
  </ItemGroup>
  <ItemGroup>
    <ClInclude Include="MenuX_Ammo.h">
      <Filter>Source Files</Filter>
    </ClInclude>
    <ClInclude Include="MenuX_BorderStyle.h">
      <Filter>Source Files</Filter>
    </ClInclude>
    <ClInclude Include="MenuX_ESP.h">
      <Filter>Source Files</Filter>
    </ClInclude>
    <ClInclude Include="MenuX_ESP_Struct.h">
      <Filter>Source Files</Filter>
    </ClInclude>
    <ClInclude Include="MenuX_Function_Fitur.h">
      <Filter>Source Files</Filter>
    </ClInclude>
    <ClInclude Include="MenuX_Hack.h">
      <Filter>Source Files</Filter>
    </ClInclude>
    <ClInclude Include="MenuX_Hook.h">
      <Filter>Source Files</Filter>
    </ClInclude>
    <ClInclude Include="MenuX_Includes.h">
      <Filter>Source Files</Filter>
    </ClInclude>
    <ClInclude Include="MenuX_Mouse.h">
      <Filter>Source Files</Filter>
    </ClInclude>
    <ClInclude Include="MenuX_Observer.h">
      <Filter>Source Files</Filter>
    </ClInclude>
    <ClInclude Include="MenuX_Options.h">
      <Filter>Source Files</Filter>
    </ClInclude>
    <ClInclude Include="MenuX_sFunction.h">
      <Filter>Source Files</Filter>
    </ClInclude>
    <ClInclude Include="MenuX_Source.h">
      <Filter>Source Files</Filter>
    </ClInclude>
    <ClInclude Include="MenuX_Standar.h">
      <Filter>Source Files</Filter>
    </ClInclude>
    <ClInclude Include="MenuX_Tools.h">
      <Filter>Source Files</Filter>
    </ClInclude>
    <ClInclude Include="TextureD3d.h">
      <Filter>Source Files</Filter>
    </ClInclude>
    <ClInclude Include="Updater_Funtion.h">
      <Filter>Source Files</Filter>
    </ClInclude>
    <ClInclude Include="Updater_Main.h">
      <Filter>Source Files</Filter>
    </ClInclude>
    <ClInclude Include="Updater_Signature.h">
      <Filter>Source Files</Filter>
    </ClInclude>
    <ClInclude Include="WPSmoke.h">
      <Filter>Source Files</Filter>
    </ClInclude>
    <ClInclude Include="Xstr.h">
      <Filter>Source Files</Filter>
    </ClInclude>
    <ClInclude Include="MenuX.h">
      <Filter>Source Files</Filter>
    </ClInclude>
    <ClInclude Include="MenuX_AIM.h">
      <Filter>Source Files</Filter>
    </ClInclude>
  </ItemGroup>
  <ItemGroup>
    <ClCompile Include="Source.cpp">
      <Filter>Source Files</Filter>
    </ClCompile>
    <ClCompile Include="Xstr.cpp">
      <Filter>Source Files</Filter>
    </ClCompile>
  </ItemGroup>
</Project>