
Microsoft Visual Studio Solution File, Format Version 11.00
# Visual C++ Express 2010
Project("{8BC9CEB8-8B4A-11D0-8D11-00A0C91BC942}") = "Base PB Munu-X", "Base PB Munu-X\Base PB Munu-X.vcxproj", "{27F3CFEE-C8A6-4F11-8F93-7B18B811BD05}"
EndProject
Global
	GlobalSection(SolutionConfigurationPlatforms) = preSolution
		Debug|Win32 = Debug|Win32
		Release|Win32 = Release|Win32
	EndGlobalSection
	GlobalSection(ProjectConfigurationPlatforms) = postSolution
		{27F3CFEE-C8A6-4F11-8F93-7B18B811BD05}.Debug|Win32.ActiveCfg = Debug|Win32
		{27F3CFEE-C8A6-4F11-8F93-7B18B811BD05}.Debug|Win32.Build.0 = Debug|Win32
		{27F3CFEE-C8A6-4F11-8F93-7B18B811BD05}.Release|Win32.ActiveCfg = Release|Win32
		{27F3CFEE-C8A6-4F11-8F93-7B18B811BD05}.Release|Win32.Build.0 = Release|Win32
	EndGlobalSection
	GlobalSection(SolutionProperties) = preSolution
		HideSolutionNode = FALSE
	EndGlobalSection
EndGlobal
